<Solution>
  <Project Path="CarSelect.API/CarSelect.API.csproj" />
  <Project Path="CarSelect.Domain.Model/CarSelect.Domain.Model.csproj" />
  <Project Path="CarSelect.Domain.Services/CarSelect.Domain.Services.csproj" />
  <Project Path="CarSelect.Storage/CarSelect.Storage.csproj" />
  <Project Path="CarSelect.Storage.DataModel/CarSelect.Storage.DataModel.csproj" />
</Solution>
